
Microsoft Visual Studio Solution File, Format Version 12.00
# Visual Studio Version 16
VisualStudioVersion = 16.0.30503.244
MinimumVisualStudioVersion = 10.0.40219.1
Project("{FAE04EC0-301F-11D3-BF4B-00C04F79EFBC}") = "SeguridadNetCore", "SeguridadNetCore\SeguridadNetCore.csproj", "{94576D7F-AC45-42D3-83F0-63F23CB21B4D}"
EndProject
Global
	GlobalSection(SolutionConfigurationPlatforms) = preSolution
		Debug|Any CPU = Debug|Any CPU
		Release|Any CPU = Release|Any CPU
	EndGlobalSection
	GlobalSection(ProjectConfigurationPlatforms) = postSolution
		{94576D7F-AC45-42D3-83F0-63F23CB21B4D}.Debug|Any CPU.ActiveCfg = Debug|Any CPU
		{94576D7F-AC45-42D3-83F0-63F23CB21B4D}.Debug|Any CPU.Build.0 = Debug|Any CPU
		{94576D7F-AC45-42D3-83F0-63F23CB21B4D}.Release|Any CPU.ActiveCfg = Release|Any CPU
		{94576D7F-AC45-42D3-83F0-63F23CB21B4D}.Release|Any CPU.Build.0 = Release|Any CPU
	EndGlobalSection
	GlobalSection(SolutionProperties) = preSolution
		HideSolutionNode = FALSE
	EndGlobalSection
	GlobalSection(ExtensibilityGlobals) = postSolution
		SolutionGuid = {2AFEAA63-09A8-4198-8698-3527679AB851}
	EndGlobalSection
EndGlobal
